
Microsoft Visual Studio Solution File, Format Version 12.00
# Visual Studio 14
VisualStudioVersion = 14.0.25420.1
MinimumVisualStudioVersion = 10.0.40219.1
Project("{FAE04EC0-301F-11D3-BF4B-00C04F79EFBC}") = "Xamarin.Forms.Daddoon.IconTabbedPage-PCL", "IconTabbedPage\Xamarin.Forms.Daddoon.IconTabbedPage\Xamarin.Forms.Daddoon.IconTabbedPage-PCL.csproj", "{A6FCEF44-D2BA-42C7-B3CB-13667BCD7B54}"
EndProject
Project("{FAE04EC0-301F-11D3-BF4B-00C04F79EFBC}") = "Xamarin.Forms.Daddoon.iOS.IconTabbedPage", "IconTabbedPage\Xamarin.Forms.Daddoon.iOS.IconTabbedPage\Xamarin.Forms.Daddoon.iOS.IconTabbedPage.csproj", "{2882AEEB-D4CD-4EB9-8A6C-6653B33681F0}"
EndProject
Project("{FAE04EC0-301F-11D3-BF4B-00C04F79EFBC}") = "Xamarin.Forms.Daddoon.Droid.IconTabbedPage", "IconTabbedPage\Xamarin.Forms.Daddoon.Droid.IconTabbedPage\Xamarin.Forms.Daddoon.Droid.IconTabbedPage.csproj", "{56A56F17-7DE1-4CA1-9617-BF32E971AC84}"
EndProject
Project("{FAE04EC0-301F-11D3-BF4B-00C04F79EFBC}") = "Xamarin.Forms.Daddoon.IconTabbedPage", "IconTabbedPage\Xamarin.Forms.Daddoon.IconTabbedPage.Nuget\Xamarin.Forms.Daddoon.IconTabbedPage.csproj", "{0451BAEF-DF2E-4B98-8644-94EE9415E389}"
EndProject
Project("{2150E333-8FDC-42A3-9474-1A3956D46DE8}") = "Test", "Test", "{7C71B36B-C614-4FE8-ACFD-033FA57EF7E3}"
EndProject
Project("{FAE04EC0-301F-11D3-BF4B-00C04F79EFBC}") = "Test.IconTabbedPage.Droid", "IconTabbedPage\Test.IconTabbedPage.Droid\Test.IconTabbedPage.Droid.csproj", "{EEA419EF-5E2C-4ED2-BE58-5F704EDFBA2F}"
EndProject
Project("{FAE04EC0-301F-11D3-BF4B-00C04F79EFBC}") = "Test.IconTabbedPage.PCL", "IconTabbedPage\Test.IconTabbedPage.PCL\Test.IconTabbedPage.PCL.csproj", "{FE86D8B5-4002-421B-9DBB-BFE020395F4F}"
EndProject
Project("{FAE04EC0-301F-11D3-BF4B-00C04F79EFBC}") = "Test.IconTabbedPage.iOS", "IconTabbedPage\Test.IconTabbedPage.iOS\Test.IconTabbedPage.iOS.csproj", "{AF6B8575-B5E1-4619-BBB4-147EFE3A5F54}"
EndProject
Global
	GlobalSection(SolutionConfigurationPlatforms) = preSolution
		Ad-Hoc|Any CPU = Ad-Hoc|Any CPU
		Ad-Hoc|ARM = Ad-Hoc|ARM
		Ad-Hoc|iPhone = Ad-Hoc|iPhone
		Ad-Hoc|iPhoneSimulator = Ad-Hoc|iPhoneSimulator
		Ad-Hoc|x64 = Ad-Hoc|x64
		Ad-Hoc|x86 = Ad-Hoc|x86
		AppStore|Any CPU = AppStore|Any CPU
		AppStore|ARM = AppStore|ARM
		AppStore|iPhone = AppStore|iPhone
		AppStore|iPhoneSimulator = AppStore|iPhoneSimulator
		AppStore|x64 = AppStore|x64
		AppStore|x86 = AppStore|x86
		Debug|Any CPU = Debug|Any CPU
		Debug|ARM = Debug|ARM
		Debug|iPhone = Debug|iPhone
		Debug|iPhoneSimulator = Debug|iPhoneSimulator
		Debug|x64 = Debug|x64
		Debug|x86 = Debug|x86
		Release|Any CPU = Release|Any CPU
		Release|ARM = Release|ARM
		Release|iPhone = Release|iPhone
		Release|iPhoneSimulator = Release|iPhoneSimulator
		Release|x64 = Release|x64
		Release|x86 = Release|x86
	EndGlobalSection
	GlobalSection(ProjectConfigurationPlatforms) = postSolution
		{A6FCEF44-D2BA-42C7-B3CB-13667BCD7B54}.Ad-Hoc|Any CPU.ActiveCfg = Release|Any CPU
		{A6FCEF44-D2BA-42C7-B3CB-13667BCD7B54}.Ad-Hoc|Any CPU.Build.0 = Release|Any CPU
		{A6FCEF44-D2BA-42C7-B3CB-13667BCD7B54}.Ad-Hoc|ARM.ActiveCfg = Release|Any CPU
		{A6FCEF44-D2BA-42C7-B3CB-13667BCD7B54}.Ad-Hoc|ARM.Build.0 = Release|Any CPU
		{A6FCEF44-D2BA-42C7-B3CB-13667BCD7B54}.Ad-Hoc|iPhone.ActiveCfg = Release|Any CPU
		{A6FCEF44-D2BA-42C7-B3CB-13667BCD7B54}.Ad-Hoc|iPhone.Build.0 = Release|Any CPU
		{A6FCEF44-D2BA-42C7-B3CB-13667BCD7B54}.Ad-Hoc|iPhoneSimulator.ActiveCfg = Release|Any CPU
		{A6FCEF44-D2BA-42C7-B3CB-13667BCD7B54}.Ad-Hoc|iPhoneSimulator.Build.0 = Release|Any CPU
		{A6FCEF44-D2BA-42C7-B3CB-13667BCD7B54}.Ad-Hoc|x64.ActiveCfg = Release|Any CPU
		{A6FCEF44-D2BA-42C7-B3CB-13667BCD7B54}.Ad-Hoc|x64.Build.0 = Release|Any CPU
		{A6FCEF44-D2BA-42C7-B3CB-13667BCD7B54}.Ad-Hoc|x86.ActiveCfg = Release|Any CPU
		{A6FCEF44-D2BA-42C7-B3CB-13667BCD7B54}.Ad-Hoc|x86.Build.0 = Release|Any CPU
		{A6FCEF44-D2BA-42C7-B3CB-13667BCD7B54}.AppStore|Any CPU.ActiveCfg = Release|Any CPU
		{A6FCEF44-D2BA-42C7-B3CB-13667BCD7B54}.AppStore|Any CPU.Build.0 = Release|Any CPU
		{A6FCEF44-D2BA-42C7-B3CB-13667BCD7B54}.AppStore|ARM.ActiveCfg = Release|Any CPU
		{A6FCEF44-D2BA-42C7-B3CB-13667BCD7B54}.AppStore|ARM.Build.0 = Release|Any CPU
		{A6FCEF44-D2BA-42C7-B3CB-13667BCD7B54}.AppStore|iPhone.ActiveCfg = Release|Any CPU
		{A6FCEF44-D2BA-42C7-B3CB-13667BCD7B54}.AppStore|iPhone.Build.0 = Release|Any CPU
		{A6FCEF44-D2BA-42C7-B3CB-13667BCD7B54}.AppStore|iPhoneSimulator.ActiveCfg = Release|Any CPU
		{A6FCEF44-D2BA-42C7-B3CB-13667BCD7B54}.AppStore|iPhoneSimulator.Build.0 = Release|Any CPU
		{A6FCEF44-D2BA-42C7-B3CB-13667BCD7B54}.AppStore|x64.ActiveCfg = Release|Any CPU
		{A6FCEF44-D2BA-42C7-B3CB-13667BCD7B54}.AppStore|x64.Build.0 = Release|Any CPU
		{A6FCEF44-D2BA-42C7-B3CB-13667BCD7B54}.AppStore|x86.ActiveCfg = Release|Any CPU
		{A6FCEF44-D2BA-42C7-B3CB-13667BCD7B54}.AppStore|x86.Build.0 = Release|Any CPU
		{A6FCEF44-D2BA-42C7-B3CB-13667BCD7B54}.Debug|Any CPU.ActiveCfg = Debug|Any CPU
		{A6FCEF44-D2BA-42C7-B3CB-13667BCD7B54}.Debug|Any CPU.Build.0 = Debug|Any CPU
		{A6FCEF44-D2BA-42C7-B3CB-13667BCD7B54}.Debug|ARM.ActiveCfg = Debug|Any CPU
		{A6FCEF44-D2BA-42C7-B3CB-13667BCD7B54}.Debug|ARM.Build.0 = Debug|Any CPU
		{A6FCEF44-D2BA-42C7-B3CB-13667BCD7B54}.Debug|iPhone.ActiveCfg = Debug|Any CPU
		{A6FCEF44-D2BA-42C7-B3CB-13667BCD7B54}.Debug|iPhone.Build.0 = Debug|Any CPU
		{A6FCEF44-D2BA-42C7-B3CB-13667BCD7B54}.Debug|iPhoneSimulator.ActiveCfg = Debug|Any CPU
		{A6FCEF44-D2BA-42C7-B3CB-13667BCD7B54}.Debug|iPhoneSimulator.Build.0 = Debug|Any CPU
		{A6FCEF44-D2BA-42C7-B3CB-13667BCD7B54}.Debug|x64.ActiveCfg = Debug|Any CPU
		{A6FCEF44-D2BA-42C7-B3CB-13667BCD7B54}.Debug|x64.Build.0 = Debug|Any CPU
		{A6FCEF44-D2BA-42C7-B3CB-13667BCD7B54}.Debug|x86.ActiveCfg = Debug|Any CPU
		{A6FCEF44-D2BA-42C7-B3CB-13667BCD7B54}.Debug|x86.Build.0 = Debug|Any CPU
		{A6FCEF44-D2BA-42C7-B3CB-13667BCD7B54}.Release|Any CPU.ActiveCfg = Release|Any CPU
		{A6FCEF44-D2BA-42C7-B3CB-13667BCD7B54}.Release|Any CPU.Build.0 = Release|Any CPU
		{A6FCEF44-D2BA-42C7-B3CB-13667BCD7B54}.Release|ARM.ActiveCfg = Release|Any CPU
		{A6FCEF44-D2BA-42C7-B3CB-13667BCD7B54}.Release|ARM.Build.0 = Release|Any CPU
		{A6FCEF44-D2BA-42C7-B3CB-13667BCD7B54}.Release|iPhone.ActiveCfg = Release|Any CPU
		{A6FCEF44-D2BA-42C7-B3CB-13667BCD7B54}.Release|iPhone.Build.0 = Release|Any CPU
		{A6FCEF44-D2BA-42C7-B3CB-13667BCD7B54}.Release|iPhoneSimulator.ActiveCfg = Release|Any CPU
		{A6FCEF44-D2BA-42C7-B3CB-13667BCD7B54}.Release|iPhoneSimulator.Build.0 = Release|Any CPU
		{A6FCEF44-D2BA-42C7-B3CB-13667BCD7B54}.Release|x64.ActiveCfg = Release|Any CPU
		{A6FCEF44-D2BA-42C7-B3CB-13667BCD7B54}.Release|x64.Build.0 = Release|Any CPU
		{A6FCEF44-D2BA-42C7-B3CB-13667BCD7B54}.Release|x86.ActiveCfg = Release|Any CPU
		{A6FCEF44-D2BA-42C7-B3CB-13667BCD7B54}.Release|x86.Build.0 = Release|Any CPU
		{2882AEEB-D4CD-4EB9-8A6C-6653B33681F0}.Ad-Hoc|Any CPU.ActiveCfg = Release|Any CPU
		{2882AEEB-D4CD-4EB9-8A6C-6653B33681F0}.Ad-Hoc|Any CPU.Build.0 = Release|Any CPU
		{2882AEEB-D4CD-4EB9-8A6C-6653B33681F0}.Ad-Hoc|ARM.ActiveCfg = Release|Any CPU
		{2882AEEB-D4CD-4EB9-8A6C-6653B33681F0}.Ad-Hoc|ARM.Build.0 = Release|Any CPU
		{2882AEEB-D4CD-4EB9-8A6C-6653B33681F0}.Ad-Hoc|iPhone.ActiveCfg = Release|Any CPU
		{2882AEEB-D4CD-4EB9-8A6C-6653B33681F0}.Ad-Hoc|iPhone.Build.0 = Release|Any CPU
		{2882AEEB-D4CD-4EB9-8A6C-6653B33681F0}.Ad-Hoc|iPhoneSimulator.ActiveCfg = Release|Any CPU
		{2882AEEB-D4CD-4EB9-8A6C-6653B33681F0}.Ad-Hoc|iPhoneSimulator.Build.0 = Release|Any CPU
		{2882AEEB-D4CD-4EB9-8A6C-6653B33681F0}.Ad-Hoc|x64.ActiveCfg = Release|Any CPU
		{2882AEEB-D4CD-4EB9-8A6C-6653B33681F0}.Ad-Hoc|x64.Build.0 = Release|Any CPU
		{2882AEEB-D4CD-4EB9-8A6C-6653B33681F0}.Ad-Hoc|x86.ActiveCfg = Release|Any CPU
		{2882AEEB-D4CD-4EB9-8A6C-6653B33681F0}.Ad-Hoc|x86.Build.0 = Release|Any CPU
		{2882AEEB-D4CD-4EB9-8A6C-6653B33681F0}.AppStore|Any CPU.ActiveCfg = Release|Any CPU
		{2882AEEB-D4CD-4EB9-8A6C-6653B33681F0}.AppStore|Any CPU.Build.0 = Release|Any CPU
		{2882AEEB-D4CD-4EB9-8A6C-6653B33681F0}.AppStore|ARM.ActiveCfg = Release|Any CPU
		{2882AEEB-D4CD-4EB9-8A6C-6653B33681F0}.AppStore|ARM.Build.0 = Release|Any CPU
		{2882AEEB-D4CD-4EB9-8A6C-6653B33681F0}.AppStore|iPhone.ActiveCfg = Release|Any CPU
		{2882AEEB-D4CD-4EB9-8A6C-6653B33681F0}.AppStore|iPhone.Build.0 = Release|Any CPU
		{2882AEEB-D4CD-4EB9-8A6C-6653B33681F0}.AppStore|iPhoneSimulator.ActiveCfg = Release|Any CPU
		{2882AEEB-D4CD-4EB9-8A6C-6653B33681F0}.AppStore|iPhoneSimulator.Build.0 = Release|Any CPU
		{2882AEEB-D4CD-4EB9-8A6C-6653B33681F0}.AppStore|x64.ActiveCfg = Release|Any CPU
		{2882AEEB-D4CD-4EB9-8A6C-6653B33681F0}.AppStore|x64.Build.0 = Release|Any CPU
		{2882AEEB-D4CD-4EB9-8A6C-6653B33681F0}.AppStore|x86.ActiveCfg = Release|Any CPU
		{2882AEEB-D4CD-4EB9-8A6C-6653B33681F0}.AppStore|x86.Build.0 = Release|Any CPU
		{2882AEEB-D4CD-4EB9-8A6C-6653B33681F0}.Debug|Any CPU.ActiveCfg = Debug|Any CPU
		{2882AEEB-D4CD-4EB9-8A6C-6653B33681F0}.Debug|Any CPU.Build.0 = Debug|Any CPU
		{2882AEEB-D4CD-4EB9-8A6C-6653B33681F0}.Debug|ARM.ActiveCfg = Debug|Any CPU
		{2882AEEB-D4CD-4EB9-8A6C-6653B33681F0}.Debug|ARM.Build.0 = Debug|Any CPU
		{2882AEEB-D4CD-4EB9-8A6C-6653B33681F0}.Debug|iPhone.ActiveCfg = Debug|Any CPU
		{2882AEEB-D4CD-4EB9-8A6C-6653B33681F0}.Debug|iPhone.Build.0 = Debug|Any CPU
		{2882AEEB-D4CD-4EB9-8A6C-6653B33681F0}.Debug|iPhoneSimulator.ActiveCfg = Debug|Any CPU
		{2882AEEB-D4CD-4EB9-8A6C-6653B33681F0}.Debug|iPhoneSimulator.Build.0 = Debug|Any CPU
		{2882AEEB-D4CD-4EB9-8A6C-6653B33681F0}.Debug|x64.ActiveCfg = Debug|Any CPU
		{2882AEEB-D4CD-4EB9-8A6C-6653B33681F0}.Debug|x64.Build.0 = Debug|Any CPU
		{2882AEEB-D4CD-4EB9-8A6C-6653B33681F0}.Debug|x86.ActiveCfg = Debug|Any CPU
		{2882AEEB-D4CD-4EB9-8A6C-6653B33681F0}.Debug|x86.Build.0 = Debug|Any CPU
		{2882AEEB-D4CD-4EB9-8A6C-6653B33681F0}.Release|Any CPU.ActiveCfg = Release|Any CPU
		{2882AEEB-D4CD-4EB9-8A6C-6653B33681F0}.Release|Any CPU.Build.0 = Release|Any CPU
		{2882AEEB-D4CD-4EB9-8A6C-6653B33681F0}.Release|ARM.ActiveCfg = Release|Any CPU
		{2882AEEB-D4CD-4EB9-8A6C-6653B33681F0}.Release|ARM.Build.0 = Release|Any CPU
		{2882AEEB-D4CD-4EB9-8A6C-6653B33681F0}.Release|iPhone.ActiveCfg = Release|Any CPU
		{2882AEEB-D4CD-4EB9-8A6C-6653B33681F0}.Release|iPhone.Build.0 = Release|Any CPU
		{2882AEEB-D4CD-4EB9-8A6C-6653B33681F0}.Release|iPhoneSimulator.ActiveCfg = Release|Any CPU
		{2882AEEB-D4CD-4EB9-8A6C-6653B33681F0}.Release|iPhoneSimulator.Build.0 = Release|Any CPU
		{2882AEEB-D4CD-4EB9-8A6C-6653B33681F0}.Release|x64.ActiveCfg = Release|Any CPU
		{2882AEEB-D4CD-4EB9-8A6C-6653B33681F0}.Release|x64.Build.0 = Release|Any CPU
		{2882AEEB-D4CD-4EB9-8A6C-6653B33681F0}.Release|x86.ActiveCfg = Release|Any CPU
		{2882AEEB-D4CD-4EB9-8A6C-6653B33681F0}.Release|x86.Build.0 = Release|Any CPU
		{56A56F17-7DE1-4CA1-9617-BF32E971AC84}.Ad-Hoc|Any CPU.ActiveCfg = Release|Any CPU
		{56A56F17-7DE1-4CA1-9617-BF32E971AC84}.Ad-Hoc|Any CPU.Build.0 = Release|Any CPU
		{56A56F17-7DE1-4CA1-9617-BF32E971AC84}.Ad-Hoc|ARM.ActiveCfg = Release|Any CPU
		{56A56F17-7DE1-4CA1-9617-BF32E971AC84}.Ad-Hoc|ARM.Build.0 = Release|Any CPU
		{56A56F17-7DE1-4CA1-9617-BF32E971AC84}.Ad-Hoc|iPhone.ActiveCfg = Release|Any CPU
		{56A56F17-7DE1-4CA1-9617-BF32E971AC84}.Ad-Hoc|iPhone.Build.0 = Release|Any CPU
		{56A56F17-7DE1-4CA1-9617-BF32E971AC84}.Ad-Hoc|iPhoneSimulator.ActiveCfg = Release|Any CPU
		{56A56F17-7DE1-4CA1-9617-BF32E971AC84}.Ad-Hoc|iPhoneSimulator.Build.0 = Release|Any CPU
		{56A56F17-7DE1-4CA1-9617-BF32E971AC84}.Ad-Hoc|x64.ActiveCfg = Release|Any CPU
		{56A56F17-7DE1-4CA1-9617-BF32E971AC84}.Ad-Hoc|x64.Build.0 = Release|Any CPU
		{56A56F17-7DE1-4CA1-9617-BF32E971AC84}.Ad-Hoc|x86.ActiveCfg = Release|Any CPU
		{56A56F17-7DE1-4CA1-9617-BF32E971AC84}.Ad-Hoc|x86.Build.0 = Release|Any CPU
		{56A56F17-7DE1-4CA1-9617-BF32E971AC84}.AppStore|Any CPU.ActiveCfg = Release|Any CPU
		{56A56F17-7DE1-4CA1-9617-BF32E971AC84}.AppStore|Any CPU.Build.0 = Release|Any CPU
		{56A56F17-7DE1-4CA1-9617-BF32E971AC84}.AppStore|ARM.ActiveCfg = Release|Any CPU
		{56A56F17-7DE1-4CA1-9617-BF32E971AC84}.AppStore|ARM.Build.0 = Release|Any CPU
		{56A56F17-7DE1-4CA1-9617-BF32E971AC84}.AppStore|iPhone.ActiveCfg = Release|Any CPU
		{56A56F17-7DE1-4CA1-9617-BF32E971AC84}.AppStore|iPhone.Build.0 = Release|Any CPU
		{56A56F17-7DE1-4CA1-9617-BF32E971AC84}.AppStore|iPhoneSimulator.ActiveCfg = Release|Any CPU
		{56A56F17-7DE1-4CA1-9617-BF32E971AC84}.AppStore|iPhoneSimulator.Build.0 = Release|Any CPU
		{56A56F17-7DE1-4CA1-9617-BF32E971AC84}.AppStore|x64.ActiveCfg = Release|Any CPU
		{56A56F17-7DE1-4CA1-9617-BF32E971AC84}.AppStore|x64.Build.0 = Release|Any CPU
		{56A56F17-7DE1-4CA1-9617-BF32E971AC84}.AppStore|x86.ActiveCfg = Release|Any CPU
		{56A56F17-7DE1-4CA1-9617-BF32E971AC84}.AppStore|x86.Build.0 = Release|Any CPU
		{56A56F17-7DE1-4CA1-9617-BF32E971AC84}.Debug|Any CPU.ActiveCfg = Debug|Any CPU
		{56A56F17-7DE1-4CA1-9617-BF32E971AC84}.Debug|Any CPU.Build.0 = Debug|Any CPU
		{56A56F17-7DE1-4CA1-9617-BF32E971AC84}.Debug|ARM.ActiveCfg = Debug|Any CPU
		{56A56F17-7DE1-4CA1-9617-BF32E971AC84}.Debug|ARM.Build.0 = Debug|Any CPU
		{56A56F17-7DE1-4CA1-9617-BF32E971AC84}.Debug|iPhone.ActiveCfg = Debug|Any CPU
		{56A56F17-7DE1-4CA1-9617-BF32E971AC84}.Debug|iPhone.Build.0 = Debug|Any CPU
		{56A56F17-7DE1-4CA1-9617-BF32E971AC84}.Debug|iPhoneSimulator.ActiveCfg = Debug|Any CPU
		{56A56F17-7DE1-4CA1-9617-BF32E971AC84}.Debug|iPhoneSimulator.Build.0 = Debug|Any CPU
		{56A56F17-7DE1-4CA1-9617-BF32E971AC84}.Debug|x64.ActiveCfg = Debug|Any CPU
		{56A56F17-7DE1-4CA1-9617-BF32E971AC84}.Debug|x64.Build.0 = Debug|Any CPU
		{56A56F17-7DE1-4CA1-9617-BF32E971AC84}.Debug|x86.ActiveCfg = Debug|Any CPU
		{56A56F17-7DE1-4CA1-9617-BF32E971AC84}.Debug|x86.Build.0 = Debug|Any CPU
		{56A56F17-7DE1-4CA1-9617-BF32E971AC84}.Release|Any CPU.ActiveCfg = Release|Any CPU
		{56A56F17-7DE1-4CA1-9617-BF32E971AC84}.Release|Any CPU.Build.0 = Release|Any CPU
		{56A56F17-7DE1-4CA1-9617-BF32E971AC84}.Release|ARM.ActiveCfg = Release|Any CPU
		{56A56F17-7DE1-4CA1-9617-BF32E971AC84}.Release|ARM.Build.0 = Release|Any CPU
		{56A56F17-7DE1-4CA1-9617-BF32E971AC84}.Release|iPhone.ActiveCfg = Release|Any CPU
		{56A56F17-7DE1-4CA1-9617-BF32E971AC84}.Release|iPhone.Build.0 = Release|Any CPU
		{56A56F17-7DE1-4CA1-9617-BF32E971AC84}.Release|iPhoneSimulator.ActiveCfg = Release|Any CPU
		{56A56F17-7DE1-4CA1-9617-BF32E971AC84}.Release|iPhoneSimulator.Build.0 = Release|Any CPU
		{56A56F17-7DE1-4CA1-9617-BF32E971AC84}.Release|x64.ActiveCfg = Release|Any CPU
		{56A56F17-7DE1-4CA1-9617-BF32E971AC84}.Release|x64.Build.0 = Release|Any CPU
		{56A56F17-7DE1-4CA1-9617-BF32E971AC84}.Release|x86.ActiveCfg = Release|Any CPU
		{56A56F17-7DE1-4CA1-9617-BF32E971AC84}.Release|x86.Build.0 = Release|Any CPU
		{0451BAEF-DF2E-4B98-8644-94EE9415E389}.Ad-Hoc|Any CPU.ActiveCfg = Release|Any CPU
		{0451BAEF-DF2E-4B98-8644-94EE9415E389}.Ad-Hoc|Any CPU.Build.0 = Release|Any CPU
		{0451BAEF-DF2E-4B98-8644-94EE9415E389}.Ad-Hoc|ARM.ActiveCfg = Release|Any CPU
		{0451BAEF-DF2E-4B98-8644-94EE9415E389}.Ad-Hoc|ARM.Build.0 = Release|Any CPU
		{0451BAEF-DF2E-4B98-8644-94EE9415E389}.Ad-Hoc|iPhone.ActiveCfg = Release|Any CPU
		{0451BAEF-DF2E-4B98-8644-94EE9415E389}.Ad-Hoc|iPhone.Build.0 = Release|Any CPU
		{0451BAEF-DF2E-4B98-8644-94EE9415E389}.Ad-Hoc|iPhoneSimulator.ActiveCfg = Release|Any CPU
		{0451BAEF-DF2E-4B98-8644-94EE9415E389}.Ad-Hoc|iPhoneSimulator.Build.0 = Release|Any CPU
		{0451BAEF-DF2E-4B98-8644-94EE9415E389}.Ad-Hoc|x64.ActiveCfg = Release|Any CPU
		{0451BAEF-DF2E-4B98-8644-94EE9415E389}.Ad-Hoc|x64.Build.0 = Release|Any CPU
		{0451BAEF-DF2E-4B98-8644-94EE9415E389}.Ad-Hoc|x86.ActiveCfg = Release|Any CPU
		{0451BAEF-DF2E-4B98-8644-94EE9415E389}.Ad-Hoc|x86.Build.0 = Release|Any CPU
		{0451BAEF-DF2E-4B98-8644-94EE9415E389}.AppStore|Any CPU.ActiveCfg = Release|Any CPU
		{0451BAEF-DF2E-4B98-8644-94EE9415E389}.AppStore|Any CPU.Build.0 = Release|Any CPU
		{0451BAEF-DF2E-4B98-8644-94EE9415E389}.AppStore|ARM.ActiveCfg = Release|Any CPU
		{0451BAEF-DF2E-4B98-8644-94EE9415E389}.AppStore|ARM.Build.0 = Release|Any CPU
		{0451BAEF-DF2E-4B98-8644-94EE9415E389}.AppStore|iPhone.ActiveCfg = Release|Any CPU
		{0451BAEF-DF2E-4B98-8644-94EE9415E389}.AppStore|iPhone.Build.0 = Release|Any CPU
		{0451BAEF-DF2E-4B98-8644-94EE9415E389}.AppStore|iPhoneSimulator.ActiveCfg = Release|Any CPU
		{0451BAEF-DF2E-4B98-8644-94EE9415E389}.AppStore|iPhoneSimulator.Build.0 = Release|Any CPU
		{0451BAEF-DF2E-4B98-8644-94EE9415E389}.AppStore|x64.ActiveCfg = Release|Any CPU
		{0451BAEF-DF2E-4B98-8644-94EE9415E389}.AppStore|x64.Build.0 = Release|Any CPU
		{0451BAEF-DF2E-4B98-8644-94EE9415E389}.AppStore|x86.ActiveCfg = Release|Any CPU
		{0451BAEF-DF2E-4B98-8644-94EE9415E389}.AppStore|x86.Build.0 = Release|Any CPU
		{0451BAEF-DF2E-4B98-8644-94EE9415E389}.Debug|Any CPU.ActiveCfg = Debug|Any CPU
		{0451BAEF-DF2E-4B98-8644-94EE9415E389}.Debug|Any CPU.Build.0 = Debug|Any CPU
		{0451BAEF-DF2E-4B98-8644-94EE9415E389}.Debug|ARM.ActiveCfg = Debug|Any CPU
		{0451BAEF-DF2E-4B98-8644-94EE9415E389}.Debug|ARM.Build.0 = Debug|Any CPU
		{0451BAEF-DF2E-4B98-8644-94EE9415E389}.Debug|iPhone.ActiveCfg = Debug|Any CPU
		{0451BAEF-DF2E-4B98-8644-94EE9415E389}.Debug|iPhone.Build.0 = Debug|Any CPU
		{0451BAEF-DF2E-4B98-8644-94EE9415E389}.Debug|iPhoneSimulator.ActiveCfg = Debug|Any CPU
		{0451BAEF-DF2E-4B98-8644-94EE9415E389}.Debug|iPhoneSimulator.Build.0 = Debug|Any CPU
		{0451BAEF-DF2E-4B98-8644-94EE9415E389}.Debug|x64.ActiveCfg = Debug|Any CPU
		{0451BAEF-DF2E-4B98-8644-94EE9415E389}.Debug|x64.Build.0 = Debug|Any CPU
		{0451BAEF-DF2E-4B98-8644-94EE9415E389}.Debug|x86.ActiveCfg = Debug|Any CPU
		{0451BAEF-DF2E-4B98-8644-94EE9415E389}.Debug|x86.Build.0 = Debug|Any CPU
		{0451BAEF-DF2E-4B98-8644-94EE9415E389}.Release|Any CPU.ActiveCfg = Release|Any CPU
		{0451BAEF-DF2E-4B98-8644-94EE9415E389}.Release|Any CPU.Build.0 = Release|Any CPU
		{0451BAEF-DF2E-4B98-8644-94EE9415E389}.Release|ARM.ActiveCfg = Release|Any CPU
		{0451BAEF-DF2E-4B98-8644-94EE9415E389}.Release|ARM.Build.0 = Release|Any CPU
		{0451BAEF-DF2E-4B98-8644-94EE9415E389}.Release|iPhone.ActiveCfg = Release|Any CPU
		{0451BAEF-DF2E-4B98-8644-94EE9415E389}.Release|iPhone.Build.0 = Release|Any CPU
		{0451BAEF-DF2E-4B98-8644-94EE9415E389}.Release|iPhoneSimulator.ActiveCfg = Release|Any CPU
		{0451BAEF-DF2E-4B98-8644-94EE9415E389}.Release|iPhoneSimulator.Build.0 = Release|Any CPU
		{0451BAEF-DF2E-4B98-8644-94EE9415E389}.Release|x64.ActiveCfg = Release|Any CPU
		{0451BAEF-DF2E-4B98-8644-94EE9415E389}.Release|x64.Build.0 = Release|Any CPU
		{0451BAEF-DF2E-4B98-8644-94EE9415E389}.Release|x86.ActiveCfg = Release|Any CPU
		{0451BAEF-DF2E-4B98-8644-94EE9415E389}.Release|x86.Build.0 = Release|Any CPU
		{EEA419EF-5E2C-4ED2-BE58-5F704EDFBA2F}.Ad-Hoc|Any CPU.ActiveCfg = Release|Any CPU
		{EEA419EF-5E2C-4ED2-BE58-5F704EDFBA2F}.Ad-Hoc|Any CPU.Build.0 = Release|Any CPU
		{EEA419EF-5E2C-4ED2-BE58-5F704EDFBA2F}.Ad-Hoc|Any CPU.Deploy.0 = Release|Any CPU
		{EEA419EF-5E2C-4ED2-BE58-5F704EDFBA2F}.Ad-Hoc|ARM.ActiveCfg = Release|Any CPU
		{EEA419EF-5E2C-4ED2-BE58-5F704EDFBA2F}.Ad-Hoc|ARM.Build.0 = Release|Any CPU
		{EEA419EF-5E2C-4ED2-BE58-5F704EDFBA2F}.Ad-Hoc|ARM.Deploy.0 = Release|Any CPU
		{EEA419EF-5E2C-4ED2-BE58-5F704EDFBA2F}.Ad-Hoc|iPhone.ActiveCfg = Release|Any CPU
		{EEA419EF-5E2C-4ED2-BE58-5F704EDFBA2F}.Ad-Hoc|iPhone.Build.0 = Release|Any CPU
		{EEA419EF-5E2C-4ED2-BE58-5F704EDFBA2F}.Ad-Hoc|iPhone.Deploy.0 = Release|Any CPU
		{EEA419EF-5E2C-4ED2-BE58-5F704EDFBA2F}.Ad-Hoc|iPhoneSimulator.ActiveCfg = Release|Any CPU
		{EEA419EF-5E2C-4ED2-BE58-5F704EDFBA2F}.Ad-Hoc|iPhoneSimulator.Build.0 = Release|Any CPU
		{EEA419EF-5E2C-4ED2-BE58-5F704EDFBA2F}.Ad-Hoc|iPhoneSimulator.Deploy.0 = Release|Any CPU
		{EEA419EF-5E2C-4ED2-BE58-5F704EDFBA2F}.Ad-Hoc|x64.ActiveCfg = Release|Any CPU
		{EEA419EF-5E2C-4ED2-BE58-5F704EDFBA2F}.Ad-Hoc|x64.Build.0 = Release|Any CPU
		{EEA419EF-5E2C-4ED2-BE58-5F704EDFBA2F}.Ad-Hoc|x64.Deploy.0 = Release|Any CPU
		{EEA419EF-5E2C-4ED2-BE58-5F704EDFBA2F}.Ad-Hoc|x86.ActiveCfg = Release|Any CPU
		{EEA419EF-5E2C-4ED2-BE58-5F704EDFBA2F}.Ad-Hoc|x86.Build.0 = Release|Any CPU
		{EEA419EF-5E2C-4ED2-BE58-5F704EDFBA2F}.Ad-Hoc|x86.Deploy.0 = Release|Any CPU
		{EEA419EF-5E2C-4ED2-BE58-5F704EDFBA2F}.AppStore|Any CPU.ActiveCfg = Release|Any CPU
		{EEA419EF-5E2C-4ED2-BE58-5F704EDFBA2F}.AppStore|Any CPU.Build.0 = Release|Any CPU
		{EEA419EF-5E2C-4ED2-BE58-5F704EDFBA2F}.AppStore|Any CPU.Deploy.0 = Release|Any CPU
		{EEA419EF-5E2C-4ED2-BE58-5F704EDFBA2F}.AppStore|ARM.ActiveCfg = Release|Any CPU
		{EEA419EF-5E2C-4ED2-BE58-5F704EDFBA2F}.AppStore|ARM.Build.0 = Release|Any CPU
		{EEA419EF-5E2C-4ED2-BE58-5F704EDFBA2F}.AppStore|ARM.Deploy.0 = Release|Any CPU
		{EEA419EF-5E2C-4ED2-BE58-5F704EDFBA2F}.AppStore|iPhone.ActiveCfg = Release|Any CPU
		{EEA419EF-5E2C-4ED2-BE58-5F704EDFBA2F}.AppStore|iPhone.Build.0 = Release|Any CPU
		{EEA419EF-5E2C-4ED2-BE58-5F704EDFBA2F}.AppStore|iPhone.Deploy.0 = Release|Any CPU
		{EEA419EF-5E2C-4ED2-BE58-5F704EDFBA2F}.AppStore|iPhoneSimulator.ActiveCfg = Release|Any CPU
		{EEA419EF-5E2C-4ED2-BE58-5F704EDFBA2F}.AppStore|iPhoneSimulator.Build.0 = Release|Any CPU
		{EEA419EF-5E2C-4ED2-BE58-5F704EDFBA2F}.AppStore|iPhoneSimulator.Deploy.0 = Release|Any CPU
		{EEA419EF-5E2C-4ED2-BE58-5F704EDFBA2F}.AppStore|x64.ActiveCfg = Release|Any CPU
		{EEA419EF-5E2C-4ED2-BE58-5F704EDFBA2F}.AppStore|x64.Build.0 = Release|Any CPU
		{EEA419EF-5E2C-4ED2-BE58-5F704EDFBA2F}.AppStore|x64.Deploy.0 = Release|Any CPU
		{EEA419EF-5E2C-4ED2-BE58-5F704EDFBA2F}.AppStore|x86.ActiveCfg = Release|Any CPU
		{EEA419EF-5E2C-4ED2-BE58-5F704EDFBA2F}.AppStore|x86.Build.0 = Release|Any CPU
		{EEA419EF-5E2C-4ED2-BE58-5F704EDFBA2F}.AppStore|x86.Deploy.0 = Release|Any CPU
		{EEA419EF-5E2C-4ED2-BE58-5F704EDFBA2F}.Debug|Any CPU.ActiveCfg = Debug|Any CPU
		{EEA419EF-5E2C-4ED2-BE58-5F704EDFBA2F}.Debug|Any CPU.Build.0 = Debug|Any CPU
		{EEA419EF-5E2C-4ED2-BE58-5F704EDFBA2F}.Debug|Any CPU.Deploy.0 = Debug|Any CPU
		{EEA419EF-5E2C-4ED2-BE58-5F704EDFBA2F}.Debug|ARM.ActiveCfg = Debug|Any CPU
		{EEA419EF-5E2C-4ED2-BE58-5F704EDFBA2F}.Debug|ARM.Build.0 = Debug|Any CPU
		{EEA419EF-5E2C-4ED2-BE58-5F704EDFBA2F}.Debug|ARM.Deploy.0 = Debug|Any CPU
		{EEA419EF-5E2C-4ED2-BE58-5F704EDFBA2F}.Debug|iPhone.ActiveCfg = Debug|Any CPU
		{EEA419EF-5E2C-4ED2-BE58-5F704EDFBA2F}.Debug|iPhone.Build.0 = Debug|Any CPU
		{EEA419EF-5E2C-4ED2-BE58-5F704EDFBA2F}.Debug|iPhone.Deploy.0 = Debug|Any CPU
		{EEA419EF-5E2C-4ED2-BE58-5F704EDFBA2F}.Debug|iPhoneSimulator.ActiveCfg = Debug|Any CPU
		{EEA419EF-5E2C-4ED2-BE58-5F704EDFBA2F}.Debug|iPhoneSimulator.Build.0 = Debug|Any CPU
		{EEA419EF-5E2C-4ED2-BE58-5F704EDFBA2F}.Debug|iPhoneSimulator.Deploy.0 = Debug|Any CPU
		{EEA419EF-5E2C-4ED2-BE58-5F704EDFBA2F}.Debug|x64.ActiveCfg = Debug|Any CPU
		{EEA419EF-5E2C-4ED2-BE58-5F704EDFBA2F}.Debug|x64.Build.0 = Debug|Any CPU
		{EEA419EF-5E2C-4ED2-BE58-5F704EDFBA2F}.Debug|x64.Deploy.0 = Debug|Any CPU
		{EEA419EF-5E2C-4ED2-BE58-5F704EDFBA2F}.Debug|x86.ActiveCfg = Debug|Any CPU
		{EEA419EF-5E2C-4ED2-BE58-5F704EDFBA2F}.Debug|x86.Build.0 = Debug|Any CPU
		{EEA419EF-5E2C-4ED2-BE58-5F704EDFBA2F}.Debug|x86.Deploy.0 = Debug|Any CPU
		{EEA419EF-5E2C-4ED2-BE58-5F704EDFBA2F}.Release|Any CPU.ActiveCfg = Release|Any CPU
		{EEA419EF-5E2C-4ED2-BE58-5F704EDFBA2F}.Release|Any CPU.Build.0 = Release|Any CPU
		{EEA419EF-5E2C-4ED2-BE58-5F704EDFBA2F}.Release|Any CPU.Deploy.0 = Release|Any CPU
		{EEA419EF-5E2C-4ED2-BE58-5F704EDFBA2F}.Release|ARM.ActiveCfg = Release|Any CPU
		{EEA419EF-5E2C-4ED2-BE58-5F704EDFBA2F}.Release|ARM.Build.0 = Release|Any CPU
		{EEA419EF-5E2C-4ED2-BE58-5F704EDFBA2F}.Release|ARM.Deploy.0 = Release|Any CPU
		{EEA419EF-5E2C-4ED2-BE58-5F704EDFBA2F}.Release|iPhone.ActiveCfg = Release|Any CPU
		{EEA419EF-5E2C-4ED2-BE58-5F704EDFBA2F}.Release|iPhone.Build.0 = Release|Any CPU
		{EEA419EF-5E2C-4ED2-BE58-5F704EDFBA2F}.Release|iPhone.Deploy.0 = Release|Any CPU
		{EEA419EF-5E2C-4ED2-BE58-5F704EDFBA2F}.Release|iPhoneSimulator.ActiveCfg = Release|Any CPU
		{EEA419EF-5E2C-4ED2-BE58-5F704EDFBA2F}.Release|iPhoneSimulator.Build.0 = Release|Any CPU
		{EEA419EF-5E2C-4ED2-BE58-5F704EDFBA2F}.Release|iPhoneSimulator.Deploy.0 = Release|Any CPU
		{EEA419EF-5E2C-4ED2-BE58-5F704EDFBA2F}.Release|x64.ActiveCfg = Release|Any CPU
		{EEA419EF-5E2C-4ED2-BE58-5F704EDFBA2F}.Release|x64.Build.0 = Release|Any CPU
		{EEA419EF-5E2C-4ED2-BE58-5F704EDFBA2F}.Release|x64.Deploy.0 = Release|Any CPU
		{EEA419EF-5E2C-4ED2-BE58-5F704EDFBA2F}.Release|x86.ActiveCfg = Release|Any CPU
		{EEA419EF-5E2C-4ED2-BE58-5F704EDFBA2F}.Release|x86.Build.0 = Release|Any CPU
		{EEA419EF-5E2C-4ED2-BE58-5F704EDFBA2F}.Release|x86.Deploy.0 = Release|Any CPU
		{FE86D8B5-4002-421B-9DBB-BFE020395F4F}.Ad-Hoc|Any CPU.ActiveCfg = Release|Any CPU
		{FE86D8B5-4002-421B-9DBB-BFE020395F4F}.Ad-Hoc|Any CPU.Build.0 = Release|Any CPU
		{FE86D8B5-4002-421B-9DBB-BFE020395F4F}.Ad-Hoc|ARM.ActiveCfg = Release|Any CPU
		{FE86D8B5-4002-421B-9DBB-BFE020395F4F}.Ad-Hoc|ARM.Build.0 = Release|Any CPU
		{FE86D8B5-4002-421B-9DBB-BFE020395F4F}.Ad-Hoc|iPhone.ActiveCfg = Release|Any CPU
		{FE86D8B5-4002-421B-9DBB-BFE020395F4F}.Ad-Hoc|iPhone.Build.0 = Release|Any CPU
		{FE86D8B5-4002-421B-9DBB-BFE020395F4F}.Ad-Hoc|iPhoneSimulator.ActiveCfg = Release|Any CPU
		{FE86D8B5-4002-421B-9DBB-BFE020395F4F}.Ad-Hoc|iPhoneSimulator.Build.0 = Release|Any CPU
		{FE86D8B5-4002-421B-9DBB-BFE020395F4F}.Ad-Hoc|x64.ActiveCfg = Release|Any CPU
		{FE86D8B5-4002-421B-9DBB-BFE020395F4F}.Ad-Hoc|x64.Build.0 = Release|Any CPU
		{FE86D8B5-4002-421B-9DBB-BFE020395F4F}.Ad-Hoc|x86.ActiveCfg = Release|Any CPU
		{FE86D8B5-4002-421B-9DBB-BFE020395F4F}.Ad-Hoc|x86.Build.0 = Release|Any CPU
		{FE86D8B5-4002-421B-9DBB-BFE020395F4F}.AppStore|Any CPU.ActiveCfg = Release|Any CPU
		{FE86D8B5-4002-421B-9DBB-BFE020395F4F}.AppStore|Any CPU.Build.0 = Release|Any CPU
		{FE86D8B5-4002-421B-9DBB-BFE020395F4F}.AppStore|ARM.ActiveCfg = Release|Any CPU
		{FE86D8B5-4002-421B-9DBB-BFE020395F4F}.AppStore|ARM.Build.0 = Release|Any CPU
		{FE86D8B5-4002-421B-9DBB-BFE020395F4F}.AppStore|iPhone.ActiveCfg = Release|Any CPU
		{FE86D8B5-4002-421B-9DBB-BFE020395F4F}.AppStore|iPhone.Build.0 = Release|Any CPU
		{FE86D8B5-4002-421B-9DBB-BFE020395F4F}.AppStore|iPhoneSimulator.ActiveCfg = Release|Any CPU
		{FE86D8B5-4002-421B-9DBB-BFE020395F4F}.AppStore|iPhoneSimulator.Build.0 = Release|Any CPU
		{FE86D8B5-4002-421B-9DBB-BFE020395F4F}.AppStore|x64.ActiveCfg = Release|Any CPU
		{FE86D8B5-4002-421B-9DBB-BFE020395F4F}.AppStore|x64.Build.0 = Release|Any CPU
		{FE86D8B5-4002-421B-9DBB-BFE020395F4F}.AppStore|x86.ActiveCfg = Release|Any CPU
		{FE86D8B5-4002-421B-9DBB-BFE020395F4F}.AppStore|x86.Build.0 = Release|Any CPU
		{FE86D8B5-4002-421B-9DBB-BFE020395F4F}.Debug|Any CPU.ActiveCfg = Debug|Any CPU
		{FE86D8B5-4002-421B-9DBB-BFE020395F4F}.Debug|Any CPU.Build.0 = Debug|Any CPU
		{FE86D8B5-4002-421B-9DBB-BFE020395F4F}.Debug|ARM.ActiveCfg = Debug|Any CPU
		{FE86D8B5-4002-421B-9DBB-BFE020395F4F}.Debug|ARM.Build.0 = Debug|Any CPU
		{FE86D8B5-4002-421B-9DBB-BFE020395F4F}.Debug|iPhone.ActiveCfg = Debug|Any CPU
		{FE86D8B5-4002-421B-9DBB-BFE020395F4F}.Debug|iPhone.Build.0 = Debug|Any CPU
		{FE86D8B5-4002-421B-9DBB-BFE020395F4F}.Debug|iPhoneSimulator.ActiveCfg = Debug|Any CPU
		{FE86D8B5-4002-421B-9DBB-BFE020395F4F}.Debug|iPhoneSimulator.Build.0 = Debug|Any CPU
		{FE86D8B5-4002-421B-9DBB-BFE020395F4F}.Debug|x64.ActiveCfg = Debug|Any CPU
		{FE86D8B5-4002-421B-9DBB-BFE020395F4F}.Debug|x64.Build.0 = Debug|Any CPU
		{FE86D8B5-4002-421B-9DBB-BFE020395F4F}.Debug|x86.ActiveCfg = Debug|Any CPU
		{FE86D8B5-4002-421B-9DBB-BFE020395F4F}.Debug|x86.Build.0 = Debug|Any CPU
		{FE86D8B5-4002-421B-9DBB-BFE020395F4F}.Release|Any CPU.ActiveCfg = Release|Any CPU
		{FE86D8B5-4002-421B-9DBB-BFE020395F4F}.Release|Any CPU.Build.0 = Release|Any CPU
		{FE86D8B5-4002-421B-9DBB-BFE020395F4F}.Release|ARM.ActiveCfg = Release|Any CPU
		{FE86D8B5-4002-421B-9DBB-BFE020395F4F}.Release|ARM.Build.0 = Release|Any CPU
		{FE86D8B5-4002-421B-9DBB-BFE020395F4F}.Release|iPhone.ActiveCfg = Release|Any CPU
		{FE86D8B5-4002-421B-9DBB-BFE020395F4F}.Release|iPhone.Build.0 = Release|Any CPU
		{FE86D8B5-4002-421B-9DBB-BFE020395F4F}.Release|iPhoneSimulator.ActiveCfg = Release|Any CPU
		{FE86D8B5-4002-421B-9DBB-BFE020395F4F}.Release|iPhoneSimulator.Build.0 = Release|Any CPU
		{FE86D8B5-4002-421B-9DBB-BFE020395F4F}.Release|x64.ActiveCfg = Release|Any CPU
		{FE86D8B5-4002-421B-9DBB-BFE020395F4F}.Release|x64.Build.0 = Release|Any CPU
		{FE86D8B5-4002-421B-9DBB-BFE020395F4F}.Release|x86.ActiveCfg = Release|Any CPU
		{FE86D8B5-4002-421B-9DBB-BFE020395F4F}.Release|x86.Build.0 = Release|Any CPU
		{AF6B8575-B5E1-4619-BBB4-147EFE3A5F54}.Ad-Hoc|Any CPU.ActiveCfg = Ad-Hoc|iPhone
		{AF6B8575-B5E1-4619-BBB4-147EFE3A5F54}.Ad-Hoc|ARM.ActiveCfg = Ad-Hoc|iPhone
		{AF6B8575-B5E1-4619-BBB4-147EFE3A5F54}.Ad-Hoc|iPhone.ActiveCfg = Ad-Hoc|iPhone
		{AF6B8575-B5E1-4619-BBB4-147EFE3A5F54}.Ad-Hoc|iPhone.Build.0 = Ad-Hoc|iPhone
		{AF6B8575-B5E1-4619-BBB4-147EFE3A5F54}.Ad-Hoc|iPhoneSimulator.ActiveCfg = Ad-Hoc|iPhoneSimulator
		{AF6B8575-B5E1-4619-BBB4-147EFE3A5F54}.Ad-Hoc|iPhoneSimulator.Build.0 = Ad-Hoc|iPhoneSimulator
		{AF6B8575-B5E1-4619-BBB4-147EFE3A5F54}.Ad-Hoc|x64.ActiveCfg = Ad-Hoc|iPhone
		{AF6B8575-B5E1-4619-BBB4-147EFE3A5F54}.Ad-Hoc|x86.ActiveCfg = Ad-Hoc|iPhone
		{AF6B8575-B5E1-4619-BBB4-147EFE3A5F54}.AppStore|Any CPU.ActiveCfg = AppStore|iPhone
		{AF6B8575-B5E1-4619-BBB4-147EFE3A5F54}.AppStore|ARM.ActiveCfg = AppStore|iPhone
		{AF6B8575-B5E1-4619-BBB4-147EFE3A5F54}.AppStore|iPhone.ActiveCfg = AppStore|iPhone
		{AF6B8575-B5E1-4619-BBB4-147EFE3A5F54}.AppStore|iPhone.Build.0 = AppStore|iPhone
		{AF6B8575-B5E1-4619-BBB4-147EFE3A5F54}.AppStore|iPhoneSimulator.ActiveCfg = AppStore|iPhoneSimulator
		{AF6B8575-B5E1-4619-BBB4-147EFE3A5F54}.AppStore|iPhoneSimulator.Build.0 = AppStore|iPhoneSimulator
		{AF6B8575-B5E1-4619-BBB4-147EFE3A5F54}.AppStore|x64.ActiveCfg = AppStore|iPhone
		{AF6B8575-B5E1-4619-BBB4-147EFE3A5F54}.AppStore|x86.ActiveCfg = AppStore|iPhone
		{AF6B8575-B5E1-4619-BBB4-147EFE3A5F54}.Debug|Any CPU.ActiveCfg = Debug|iPhone
		{AF6B8575-B5E1-4619-BBB4-147EFE3A5F54}.Debug|ARM.ActiveCfg = Debug|iPhone
		{AF6B8575-B5E1-4619-BBB4-147EFE3A5F54}.Debug|iPhone.ActiveCfg = Debug|iPhone
		{AF6B8575-B5E1-4619-BBB4-147EFE3A5F54}.Debug|iPhone.Build.0 = Debug|iPhone
		{AF6B8575-B5E1-4619-BBB4-147EFE3A5F54}.Debug|iPhoneSimulator.ActiveCfg = Debug|iPhoneSimulator
		{AF6B8575-B5E1-4619-BBB4-147EFE3A5F54}.Debug|iPhoneSimulator.Build.0 = Debug|iPhoneSimulator
		{AF6B8575-B5E1-4619-BBB4-147EFE3A5F54}.Debug|x64.ActiveCfg = Debug|iPhone
		{AF6B8575-B5E1-4619-BBB4-147EFE3A5F54}.Debug|x86.ActiveCfg = Debug|iPhone
		{AF6B8575-B5E1-4619-BBB4-147EFE3A5F54}.Release|Any CPU.ActiveCfg = Release|iPhone
		{AF6B8575-B5E1-4619-BBB4-147EFE3A5F54}.Release|ARM.ActiveCfg = Release|iPhone
		{AF6B8575-B5E1-4619-BBB4-147EFE3A5F54}.Release|iPhone.ActiveCfg = Release|iPhone
		{AF6B8575-B5E1-4619-BBB4-147EFE3A5F54}.Release|iPhone.Build.0 = Release|iPhone
		{AF6B8575-B5E1-4619-BBB4-147EFE3A5F54}.Release|iPhoneSimulator.ActiveCfg = Release|iPhoneSimulator
		{AF6B8575-B5E1-4619-BBB4-147EFE3A5F54}.Release|iPhoneSimulator.Build.0 = Release|iPhoneSimulator
		{AF6B8575-B5E1-4619-BBB4-147EFE3A5F54}.Release|x64.ActiveCfg = Release|iPhone
		{AF6B8575-B5E1-4619-BBB4-147EFE3A5F54}.Release|x86.ActiveCfg = Release|iPhone
	EndGlobalSection
	GlobalSection(SolutionProperties) = preSolution
		HideSolutionNode = FALSE
	EndGlobalSection
	GlobalSection(NestedProjects) = preSolution
		{EEA419EF-5E2C-4ED2-BE58-5F704EDFBA2F} = {7C71B36B-C614-4FE8-ACFD-033FA57EF7E3}
		{FE86D8B5-4002-421B-9DBB-BFE020395F4F} = {7C71B36B-C614-4FE8-ACFD-033FA57EF7E3}
		{AF6B8575-B5E1-4619-BBB4-147EFE3A5F54} = {7C71B36B-C614-4FE8-ACFD-033FA57EF7E3}
	EndGlobalSection
EndGlobal
